
Microsoft Visual Studio Solution File, Format Version 12.00
# Visual Studio Version 16
VisualStudioVersion = 16.0.30114.105
MinimumVisualStudioVersion = 10.0.40219.1
Project("{8BC9CEB8-8B4A-11D0-8D11-00A0C91BC942}") = "№85 F. Все перестановки заданной длины", "№85 F. Все перестановки заданной длины\№85 F. Все перестановки заданной длины.vcxproj", "{A08C3294-43A0-4D2C-A1CF-D31E9946481A}"
EndProject
Global
	GlobalSection(SolutionConfigurationPlatforms) = preSolution
		Debug|x64 = Debug|x64
		Debug|x86 = Debug|x86
		Release|x64 = Release|x64
		Release|x86 = Release|x86
	EndGlobalSection
	GlobalSection(ProjectConfigurationPlatforms) = postSolution
		{A08C3294-43A0-4D2C-A1CF-D31E9946481A}.Debug|x64.ActiveCfg = Debug|x64
		{A08C3294-43A0-4D2C-A1CF-D31E9946481A}.Debug|x64.Build.0 = Debug|x64
		{A08C3294-43A0-4D2C-A1CF-D31E9946481A}.Debug|x86.ActiveCfg = Debug|Win32
		{A08C3294-43A0-4D2C-A1CF-D31E9946481A}.Debug|x86.Build.0 = Debug|Win32
		{A08C3294-43A0-4D2C-A1CF-D31E9946481A}.Release|x64.ActiveCfg = Release|x64
		{A08C3294-43A0-4D2C-A1CF-D31E9946481A}.Release|x64.Build.0 = Release|x64
		{A08C3294-43A0-4D2C-A1CF-D31E9946481A}.Release|x86.ActiveCfg = Release|Win32
		{A08C3294-43A0-4D2C-A1CF-D31E9946481A}.Release|x86.Build.0 = Release|Win32
	EndGlobalSection
	GlobalSection(SolutionProperties) = preSolution
		HideSolutionNode = FALSE
	EndGlobalSection
	GlobalSection(ExtensibilityGlobals) = postSolution
		SolutionGuid = {147CE1C7-DA95-4D1A-909C-C531AAA6E435}
	EndGlobalSection
EndGlobal
